
Microsoft Visual Studio Solution File, Format Version 12.00
# Visual Studio Version 16
VisualStudioVersion = 16.0.30011.22
MinimumVisualStudioVersion = 10.0.40219.1
Project("{8BC9CEB8-8B4A-11D0-8D11-00A0C91BC942}") = "cs230_project4_part1", "cs230_project4_part1\cs230_project4_part1.vcxproj", "{E913AB92-DA47-461C-B747-28C3B33BBCAA}"
EndProject
Global
	GlobalSection(SolutionConfigurationPlatforms) = preSolution
		Debug|x64 = Debug|x64
		Debug|x86 = Debug|x86
		Release|x64 = Release|x64
		Release|x86 = Release|x86
	EndGlobalSection
	GlobalSection(ProjectConfigurationPlatforms) = postSolution
		{E913AB92-DA47-461C-B747-28C3B33BBCAA}.Debug|x64.ActiveCfg = Debug|x64
		{E913AB92-DA47-461C-B747-28C3B33BBCAA}.Debug|x64.Build.0 = Debug|x64
		{E913AB92-DA47-461C-B747-28C3B33BBCAA}.Debug|x86.ActiveCfg = Debug|Win32
		{E913AB92-DA47-461C-B747-28C3B33BBCAA}.Debug|x86.Build.0 = Debug|Win32
		{E913AB92-DA47-461C-B747-28C3B33BBCAA}.Release|x64.ActiveCfg = Release|x64
		{E913AB92-DA47-461C-B747-28C3B33BBCAA}.Release|x64.Build.0 = Release|x64
		{E913AB92-DA47-461C-B747-28C3B33BBCAA}.Release|x86.ActiveCfg = Release|Win32
		{E913AB92-DA47-461C-B747-28C3B33BBCAA}.Release|x86.Build.0 = Release|Win32
	EndGlobalSection
	GlobalSection(SolutionProperties) = preSolution
		HideSolutionNode = FALSE
	EndGlobalSection
	GlobalSection(ExtensibilityGlobals) = postSolution
		SolutionGuid = {EE9AC524-DCE0-454F-A25A-B641F54A4EB8}
	EndGlobalSection
EndGlobal
